{archiveVersion = 1; rootObject = 55A9C51D91A4078E8ED29329; classes = {}; objectVersion = 45; objects = {C3BFB21AF43A34A1EB21D0BD = {name = IphoneApp; isa = PBXNativeTarget; productType = "com.apple.product-type.application"; productReference = 1DE18C07D2F481124C350A64; buildConfigurationList = BBBB3CDA6C346392F04228C5; productName = IphoneApp; buildRules = (); dependencies = (); buildPhases = (1BA8CD8012DD1C22FD3DD9E2, DBDC7AAC4632983466EBB223);}; 1DE18C07D2F481124C350A64 = {isa = PBXFileReference; explicitFileType = "wrapper.application"; includeInIndex = 0; sourceTree = BUILT_PRODUCTS_DIR; path = "IphoneApp.app";}; 66F574B5B38CEA8414EF750B = {isa = PBXFileReference; lastKnownFileType = file; sourceTree = "<group>"; path = "xcodeproj.yml";}; 2F655E800D8052FB9C792BA7 = {isa = PBXFileReference; lastKnownFileType = "text.plist.xml"; sourceTree = "<group>"; fileEncoding = 4; path = "Info.plist";}; AEF8AAE0F28AEEB8064CD900 = {isa = PBXFileReference; lastKnownFileType = "sourcecode.c.h"; sourceTree = "<group>"; fileEncoding = 4; path = "IphoneAppAppDelegate.h";}; 1C2BA989C6501B8B2AD41DEE = {name = "libsqlite3.0.dylib"; isa = PBXFileReference; lastKnownFileType = "wrapper.dylib"; sourceTree = SDKROOT; path = "/usr/lib/libsqlite3.0.dylib";}; 8EB168CD15B96A8731B03DF7 = {name = "libicucore.dylib"; isa = PBXFileReference; lastKnownFileType = "wrapper.dylib"; sourceTree = SDKROOT; path = "usr/lib/libicucore.dylib";}; 20433F376987D4235DA18AD3 = {name = "Foundation.framework"; isa = PBXFileReference; lastKnownFileType = "wrapper.framework"; sourceTree = SDKROOT; path = "System/Library/Frameworks/Security.framework";}; 578DE1BE0B54E958D9884151 = {name = "XCoreGraphics.framework"; isa = PBXFileReference; lastKnownFileType = "wrapper.framework"; sourceTree = SDKROOT; path = "System/Library/Frameworks/CoreGraphics.framework";}; 980140996DB862347C13008E = {name = "Foundation.framework"; isa = PBXFileReference; lastKnownFileType = "wrapper.framework"; sourceTree = SDKROOT; path = "System/Library/Frameworks/Foundation.framework";}; 1BBEA0365B93FB8B5223279F = {name = Debug; isa = XCBuildConfiguration; buildSettings = {ALWAYS_SEARCH_USER_PATHS = NO; GCC_PREFIX_HEADER = "IphoneApp_Prefix.pch"; GCC_OPTIMIZATION_LEVEL = 0; COPY_PHASE_STRIP = NO; GCC_PRECOMPILE_PREFIX_HEADER = YES; GCC_DYNAMIC_NO_PIC = NO; PRODUCT_NAME = IphoneApp; INFOPLIST_FILE = "Info.plist";};}; 12995E0FFB39517DB7417F3C = {isa = PBXFileReference; lastKnownFileType = "sourcecode.c.h"; sourceTree = "<group>"; fileEncoding = 4; path = "FirstViewController.h";}; 45B88C95B2E4B97EB9CD99E5 = {name = "libxml2.2.dylib"; isa = PBXFileReference; lastKnownFileType = "wrapper.dylib"; sourceTree = SDKROOT; path = "usr/lib/libxml2.2.dylib";}; 9763EEE4DA4A20A811BA4C09 = {isa = PBXBuildFile; fileRef = 578DE1BE0B54E958D9884151;}; BC81BEAA59E2767FC6AB32DD = {isa = PBXBuildFile; fileRef = 4CA72BCD71FB58150BF862FB;}; E3F9E46DE45B2FFC3C72791D = {isa = PBXFileReference; lastKnownFileType = file; sourceTree = "<group>"; path = "MainWindow.xib";}; F4AE388E875B685FC6F4F1A2 = {name = "SenTestingKit.framework"; isa = PBXFileReference; lastKnownFileType = "wrapper.framework"; sourceTree = "<absolute>"; path = "/Developer/Library/Frameworks/SenTestingKit.framework";}; 00F6207FC715F0E592EEBE48 = {name = "AddressBook.framework"; isa = PBXFileReference; lastKnownFileType = "wrapper.framework"; sourceTree = SDKROOT; path = "System/Library/Frameworks/AddressBook.framework";}; 93CF13DA565F2AD93777FA94 = {name = Debug; isa = XCBuildConfiguration; buildSettings = {GCC_WARN_ABOUT_RETURN_TYPE = YES; SDKROOT = "iphoneos2.0"; PREBINDING = NO; ARCHS = "$(ARCHS_STANDARD_32_BIT)"; GCC_WARN_UNUSED_VARIABLE = YES; GCC_C_LANGUAGE_STANDARD = c99; ONLY_ACTIVE_ARCH = YES;};}; 746BF94B1A3ECB456B5CD185 = {name = CustomTemplate; isa = PBXGroup; sourceTree = "<group>"; children = (BB6BC1AD4271160CD08BEF6F, 2F655E800D8052FB9C792BA7, 0275C7CA7D0D583C7295D07E, 492C40F2D58E78825CEE435C, E3F9E46DE45B2FFC3C72791D, 7830C41047619A3E4C64262C, 66F574B5B38CEA8414EF750B, B359F355283427B956D971EC, E03DC1BD787ED2DBFBB1444E);}; 0275C7CA7D0D583C7295D07E = {isa = PBXFileReference; lastKnownFileType = file; sourceTree = "<group>"; path = "IphoneApp_Prefix.pch";}; E4428A8178AD407594598A46 = {name = "OpenGLES.framework"; isa = PBXFileReference; lastKnownFileType = "wrapper.framework"; sourceTree = SDKROOT; path = "System/Library/Frameworks/OpenGLES.framework";}; 107BA901B04344EC85AFD1D7 = {name = "AudioToolbox.framework"; isa = PBXFileReference; lastKnownFileType = "wrapper.framework"; sourceTree = SDKROOT; path = "System/Library/Frameworks/AudioToolbox.framework";}; 4F541CF50DEE68BE6258ABDE = {name = "AddressBookUI.framework"; isa = PBXFileReference; lastKnownFileType = "wrapper.framework"; sourceTree = SDKROOT; path = "System/Library/Frameworks/AddressBookUI.framework";}; 55A9C51D91A4078E8ED29329 = {isa = PBXProject; buildConfigurationList = A3CB0262A41FFEF753172765; targets = (C3BFB21AF43A34A1EB21D0BD); projectDirPath = ""; compatibilityVersion = "Xcode 3.1"; projectRoot = ""; mainGroup = 746BF94B1A3ECB456B5CD185;}; BBBB3CDA6C346392F04228C5 = {buildConfigurations = (1BBEA0365B93FB8B5223279F); defaultConfigurationIsVisible = 0; isa = XCConfigurationList; defaultConfigurationName = Release;}; DBDC7AAC4632983466EBB223 = {runOnlyForDeploymentPostprocesssing = 0; isa = PBXFrameworksBuildPhase; files = (F7762BCB28BAFA4975BF0686, BC81BEAA59E2767FC6AB32DD, 9763EEE4DA4A20A811BA4C09); buildActionMask = 2147483647;}; 6455A5C00D53301AA030A13F = {isa = PBXBuildFile; fileRef = AE14FCDDF0E2E386FED81C92;}; 91107D84ACFFB242F8FA089A = {isa = PBXBuildFile; fileRef = A99CF702AC74009AA1DDA8D0;}; 9B5192281E11B167A4C5FC2E = {isa = PBXBuildFile; fileRef = 492C40F2D58E78825CEE435C;}; 492C40F2D58E78825CEE435C = {isa = PBXFileReference; lastKnownFileType = "sourcecode.c.objc"; sourceTree = "<group>"; fileEncoding = 4; path = "main.m";}; E03DC1BD787ED2DBFBB1444E = {name = Frameworks; isa = PBXGroup; sourceTree = "<group>"; children = (980140996DB862347C13008E, 8EB168CD15B96A8731B03DF7);}; 841BEACFF2DFCED128F8B036 = {name = "QuartzCore.framework"; isa = PBXFileReference; lastKnownFileType = "wrapper.framework"; sourceTree = SDKROOT; path = "System/Library/Frameworks/QuartzCore.framework";}; CF86B4F47A5E04B29F5706CF = {name = "CoreLocation.framework"; isa = PBXFileReference; lastKnownFileType = "wrapper.framework"; sourceTree = SDKROOT; path = "System/Library/Frameworks/CoreLocation.framework";}; A3CB0262A41FFEF753172765 = {buildConfigurations = (93CF13DA565F2AD93777FA94); defaultConfigurationIsVisible = 0; isa = XCConfigurationList; defaultConfigurationName = Release;}; B359F355283427B956D971EC = {name = Products; isa = PBXGroup; sourceTree = "<group>"; children = (1DE18C07D2F481124C350A64);}; 7830C41047619A3E4C64262C = {isa = PBXFileReference; lastKnownFileType = file; sourceTree = "<group>"; path = "SecondView.xib";}; A99CF702AC74009AA1DDA8D0 = {isa = PBXFileReference; lastKnownFileType = "sourcecode.c.objc"; sourceTree = "<group>"; fileEncoding = 4; path = "FirstViewController.m";}; 4CA72BCD71FB58150BF862FB = {name = "UIKit.framework"; isa = PBXFileReference; lastKnownFileType = "wrapper.framework"; sourceTree = SDKROOT; path = "System/Library/Frameworks/UIKit.framework";}; 29313361042D4286D587B2EB = {name = "FrameworkXCore.framework"; isa = PBXFileReference; lastKnownFileType = "wrapper.framework"; sourceTree = "<group>"; path = "frameworks/FrameworkXCore.framework";}; 1BA8CD8012DD1C22FD3DD9E2 = {runOnlyForDeploymentPostprocesssing = 0; isa = PBXSourcesBuildPhase; files = (91107D84ACFFB242F8FA089A, 6455A5C00D53301AA030A13F, 9B5192281E11B167A4C5FC2E); buildActionMask = 2147483647;}; BB6BC1AD4271160CD08BEF6F = {isa = PBXGroup; sourceTree = "<group>"; children = (12995E0FFB39517DB7417F3C, A99CF702AC74009AA1DDA8D0, AEF8AAE0F28AEEB8064CD900, AE14FCDDF0E2E386FED81C92); path = Classes;}; AE14FCDDF0E2E386FED81C92 = {isa = PBXFileReference; lastKnownFileType = "sourcecode.c.objc"; sourceTree = "<group>"; fileEncoding = 4; path = "IphoneAppAppDelegate.m";}; B4A15FD29FB481304F23AF9F = {name = "FrameworkX.framework"; isa = PBXFileReference; lastKnownFileType = "wrapper.framework"; sourceTree = "<group>"; path = "frameworks/FrameworkX.framework";}; F7762BCB28BAFA4975BF0686 = {isa = PBXBuildFile; fileRef = 980140996DB862347C13008E;};};}