{archiveVersion = 1; rootObject = CBA02E9615A280A9E4F0155B; classes = {}; objectVersion = 45; objects = {E8B299F7CAB3ADF4465D9A71 = {name = Debug; isa = XCBuildConfiguration; buildSettings = {GCC_WARN_ABOUT_RETURN_TYPE = YES; SDKROOT = "iphoneos2.0"; PREBINDING = NO; ARCHS = "$(ARCHS_STANDARD_32_BIT)"; GCC_WARN_UNUSED_VARIABLE = YES; GCC_C_LANGUAGE_STANDARD = c99; ONLY_ACTIVE_ARCH = YES;};}; B2563D4B681DB3E881696B12 = {isa = PBXFileReference; lastKnownFileType = "sourcecode.c.objc"; sourceTree = "<group>"; fileEncoding = 4; path = "IphoneAppAppDelegate.m";}; 6CFDB3441CD7C4B6F9630E8C = {name = Frameworks; isa = PBXGroup; sourceTree = "<group>"; children = (E823AF3559E2F497ABBC954A, FB8B0E813DDBA508FDDCAE7E, 46FEC90F963D73A12BD2752C);}; 3F2C428462AE345698527DC7 = {name = "FrameworkXCore.framework"; isa = PBXFileReference; lastKnownFileType = "wrapper.framework"; sourceTree = "<group>"; path = "frameworks/FrameworkXCore.framework";}; BFDF03BF106C9B04A6D2084C = {name = "CoreLocation.framework"; isa = PBXFileReference; lastKnownFileType = "wrapper.framework"; sourceTree = SDKROOT; path = "System/Library/Frameworks/CoreLocation.framework";}; 70195DDD19D06BC9BB84156C = {buildConfigurations = (E139E83625FA56A48D5DD349); defaultConfigurationIsVisible = 0; isa = XCConfigurationList; defaultConfigurationName = Release;}; B22271AE34E27F9C103BEF2A = {isa = PBXFileReference; lastKnownFileType = file; sourceTree = "<group>"; path = "xcodeproj.yml";}; 33E6D496AA0E346827E12454 = {isa = PBXFileReference; lastKnownFileType = "sourcecode.c.objc"; sourceTree = "<group>"; fileEncoding = 4; path = "main.m";}; FC13429AAE5032FF38FEF882 = {isa = PBXFileReference; lastKnownFileType = "sourcecode.c.objc"; sourceTree = "<group>"; fileEncoding = 4; path = "FirstViewController.m";}; F447BAF59C1D744E6AD9AD32 = {name = "libsqlite3.0.dylib"; isa = PBXFileReference; lastKnownFileType = "wrapper.dylib"; sourceTree = SDKROOT; path = "/usr/lib/libsqlite3.0.dylib";}; CBA02E9615A280A9E4F0155B = {isa = PBXProject; buildConfigurationList = 576D04ECF9B2C09741EF3592; targets = (C00BD4D1CA84444198F5ACCA); projectDirPath = ""; compatibilityVersion = "Xcode 3.1"; projectRoot = ""; mainGroup = 25E1DB92273FE301312D7BFB;}; E139E83625FA56A48D5DD349 = {name = Debug; isa = XCBuildConfiguration; buildSettings = {ALWAYS_SEARCH_USER_PATHS = NO; GCC_PREFIX_HEADER = "IphoneApp_Prefix.pch"; GCC_OPTIMIZATION_LEVEL = 0; COPY_PHASE_STRIP = NO; GCC_PRECOMPILE_PREFIX_HEADER = YES; GCC_DYNAMIC_NO_PIC = NO; PRODUCT_NAME = IphoneApp; INFOPLIST_FILE = "Info.plist";};}; 244EB56A1AE068DE28720965 = {runOnlyForDeploymentPostprocesssing = 0; isa = PBXFrameworksBuildPhase; files = (10033F8EBFC4CAE37B548FEC, CD1611E9D93463374C8F6DD1, 963388734FF7172B8C825AF9); buildActionMask = 2147483647;}; 18AB7824885BF2B4C53C9B23 = {isa = PBXFileReference; lastKnownFileType = file; sourceTree = "<group>"; path = "IphoneApp_Prefix.pch";}; C094CF663EE0F59C2DE279FF = {isa = PBXFileReference; lastKnownFileType = "text.plist.xml"; sourceTree = "<group>"; fileEncoding = 4; path = "Info.plist";}; 46FEC90F963D73A12BD2752C = {name = "UIKit.framework"; isa = PBXFileReference; lastKnownFileType = "wrapper.framework"; sourceTree = SDKROOT; path = "System/Library/Frameworks/UIKit.framework";}; B529DC7AA30B5C76707EA333 = {name = "libxml2.2.dylib"; isa = PBXFileReference; lastKnownFileType = "wrapper.dylib"; sourceTree = SDKROOT; path = "usr/lib/libxml2.2.dylib";}; 10033F8EBFC4CAE37B548FEC = {isa = PBXBuildFile; fileRef = FB8B0E813DDBA508FDDCAE7E;}; FB8B0E813DDBA508FDDCAE7E = {name = "Foundation.framework"; isa = PBXFileReference; lastKnownFileType = "wrapper.framework"; sourceTree = SDKROOT; path = "System/Library/Frameworks/Foundation.framework";}; 25E1DB92273FE301312D7BFB = {name = CustomTemplate; isa = PBXGroup; sourceTree = "<group>"; children = (B1575C28EEDF7388ED98CA21, C094CF663EE0F59C2DE279FF, 18AB7824885BF2B4C53C9B23, 33E6D496AA0E346827E12454, 53711A5DEA835B8A57E23851, A1BF0648D7BC440F68EA3954, B22271AE34E27F9C103BEF2A, 5E027D0A2537A4B701439F42, 6CFDB3441CD7C4B6F9630E8C);}; 963388734FF7172B8C825AF9 = {isa = PBXBuildFile; fileRef = E823AF3559E2F497ABBC954A;}; A1BF0648D7BC440F68EA3954 = {isa = PBXFileReference; lastKnownFileType = file; sourceTree = "<group>"; path = "SecondView.xib";}; D9D6F3B579887C14D714B9BA = {isa = PBXFileReference; lastKnownFileType = "sourcecode.c.h"; sourceTree = "<group>"; fileEncoding = 4; path = "IphoneAppAppDelegate.h";}; B801C367EE5BD607D9E206F4 = {name = "Foundation.framework"; isa = PBXFileReference; lastKnownFileType = "wrapper.framework"; sourceTree = SDKROOT; path = "System/Library/Frameworks/Security.framework";}; C00BD4D1CA84444198F5ACCA = {name = IphoneApp; isa = PBXNativeTarget; productType = "com.apple.product-type.application"; productReference = D29C64B31FD700E9A4DAA2A9; buildConfigurationList = 70195DDD19D06BC9BB84156C; productName = IphoneApp; buildRules = (); dependencies = (); buildPhases = (2BC010CFF300474D2ABFB356, 244EB56A1AE068DE28720965);}; 695BA2DA32AA2805623CFFAD = {isa = PBXBuildFile; fileRef = 33E6D496AA0E346827E12454;}; 29CD2A0D0632D63078EE2B77 = {name = "AudioToolbox.framework"; isa = PBXFileReference; lastKnownFileType = "wrapper.framework"; sourceTree = SDKROOT; path = "System/Library/Frameworks/AudioToolbox.framework";}; 377B38CCF6A9747987C2AD56 = {isa = PBXFileReference; lastKnownFileType = "sourcecode.c.h"; sourceTree = "<group>"; fileEncoding = 4; path = "FirstViewController.h";}; 576D04ECF9B2C09741EF3592 = {buildConfigurations = (E8B299F7CAB3ADF4465D9A71); defaultConfigurationIsVisible = 0; isa = XCConfigurationList; defaultConfigurationName = Release;}; 02E481DACB7672AB957EB8DF = {name = "FrameworkX.framework"; isa = PBXFileReference; lastKnownFileType = "wrapper.framework"; sourceTree = "<group>"; path = "frameworks/FrameworkX.framework";}; E823AF3559E2F497ABBC954A = {name = "XCoreGraphics.framework"; isa = PBXFileReference; lastKnownFileType = "wrapper.framework"; sourceTree = SDKROOT; path = "System/Library/Frameworks/CoreGraphics.framework";}; 6A52605F1B05D7E8C6F0E808 = {name = "AddressBook.framework"; isa = PBXFileReference; lastKnownFileType = "wrapper.framework"; sourceTree = SDKROOT; path = "System/Library/Frameworks/AddressBook.framework";}; 2BC010CFF300474D2ABFB356 = {runOnlyForDeploymentPostprocesssing = 0; isa = PBXSourcesBuildPhase; files = (0BB57AEA39EF5E01D3992F25, 6CF9472884D5AF5297536D6E, 695BA2DA32AA2805623CFFAD); buildActionMask = 2147483647;}; B1575C28EEDF7388ED98CA21 = {isa = PBXGroup; sourceTree = "<group>"; children = (377B38CCF6A9747987C2AD56, FC13429AAE5032FF38FEF882, D9D6F3B579887C14D714B9BA, B2563D4B681DB3E881696B12); path = Classes;}; E4A525D04A29D481069733B3 = {name = "QuartzCore.framework"; isa = PBXFileReference; lastKnownFileType = "wrapper.framework"; sourceTree = SDKROOT; path = "System/Library/Frameworks/QuartzCore.framework";}; 6E43B420BC1040528EC2ECBD = {name = "SenTestingKit.framework"; isa = PBXFileReference; lastKnownFileType = "wrapper.framework"; sourceTree = "<absolute>"; path = "/Developer/Library/Frameworks/SenTestingKit.framework";}; 303CC5379E56DAB5BD769435 = {name = "OpenGLES.framework"; isa = PBXFileReference; lastKnownFileType = "wrapper.framework"; sourceTree = SDKROOT; path = "System/Library/Frameworks/OpenGLES.framework";}; 900555B05575457FD2CF72D3 = {name = "libicucore.dylib"; isa = PBXFileReference; lastKnownFileType = "wrapper.dylib"; sourceTree = SDKROOT; path = "usr/lib/libicucore.dylib";}; CD1611E9D93463374C8F6DD1 = {isa = PBXBuildFile; fileRef = 46FEC90F963D73A12BD2752C;}; 0BB57AEA39EF5E01D3992F25 = {isa = PBXBuildFile; fileRef = FC13429AAE5032FF38FEF882;}; 53711A5DEA835B8A57E23851 = {isa = PBXFileReference; lastKnownFileType = file; sourceTree = "<group>"; path = "MainWindow.xib";}; D843B4444D65AFF53493FCBA = {name = "AddressBookUI.framework"; isa = PBXFileReference; lastKnownFileType = "wrapper.framework"; sourceTree = SDKROOT; path = "System/Library/Frameworks/AddressBookUI.framework";}; 5E027D0A2537A4B701439F42 = {name = Products; isa = PBXGroup; sourceTree = "<group>"; children = (D29C64B31FD700E9A4DAA2A9);}; D29C64B31FD700E9A4DAA2A9 = {isa = PBXFileReference; explicitFileType = "wrapper.application"; includeInIndex = 0; sourceTree = BUILT_PRODUCTS_DIR; path = "IphoneApp.app";}; 6CF9472884D5AF5297536D6E = {isa = PBXBuildFile; fileRef = B2563D4B681DB3E881696B12;};};}