{archiveVersion = 1; rootObject = F745C704FB417A53A2E39D9D; classes = {}; objectVersion = 45; objects = {F745C704FB417A53A2E39D9D = {isa = PBXProject; buildConfigurationList = 1349110AE43B23CE3CE3E5A8; targets = (5503ED1E7F9DA8B02496C331); projectDirPath = ""; compatibilityVersion = "Xcode 3.1"; projectRoot = ""; mainGroup = A488D16AE6F2574219744B96;}; 1C6BB85264D20D0B6EDF0CB1 = {isa = PBXGroup; sourceTree = "<group>"; children = (61A5CE7615D72421D0A4DB60, 15B0C3A50D648B92C49A4B06, B3606E45EA70B01439A6F596, E87ABA084F4A94232F30B6CD); path = Classes;}; A1ED588BFBB467A842BF56A9 = {name = "UIKit.framework"; isa = PBXFileReference; lastKnownFileType = "wrapper.framework"; sourceTree = SDKROOT; path = "System/Library/Frameworks/UIKit.framework";}; 0FE2FAC8DF365378E4298908 = {name = "SenTestingKit.framework"; isa = PBXFileReference; lastKnownFileType = "wrapper.framework"; sourceTree = "<absolute>"; path = "/Developer/Library/Frameworks/SenTestingKit.framework";}; F8BDF55787987DA63F9DC420 = {name = "FrameworkXCore.framework"; isa = PBXFileReference; lastKnownFileType = "wrapper.framework"; sourceTree = "<group>"; path = "frameworks/FrameworkXCore.framework";}; 0AE2131700C66F3EFE41AD91 = {name = "AddressBookUI.framework"; isa = PBXFileReference; lastKnownFileType = "wrapper.framework"; sourceTree = SDKROOT; path = "System/Library/Frameworks/AddressBookUI.framework";}; 1349110AE43B23CE3CE3E5A8 = {buildConfigurations = (EB6D5E0872363B7A7EA27BE7); defaultConfigurationIsVisible = 0; isa = XCConfigurationList; defaultConfigurationName = Release;}; 0C83720CB70692556C34EC02 = {name = "libsqlite3.0.dylib"; isa = PBXFileReference; lastKnownFileType = "wrapper.dylib"; sourceTree = SDKROOT; path = "/usr/lib/libsqlite3.0.dylib";}; A488D16AE6F2574219744B96 = {name = CustomTemplate; isa = PBXGroup; sourceTree = "<group>"; children = (1C6BB85264D20D0B6EDF0CB1, 5F9D96359CA8CEB0151F6157, 4D9A9BF2936C8877D4F2B504, 06BDC57C83D418A2E6DF1163, A2C101C173B0C130F4AC4B43, 7C0A42291D7E16DD2728AD68, 2647E3C27EFBA887A6954966, C87252B89454F7BF6E012659, 54E3E1243F5E166DE6F92039);}; 5503ED1E7F9DA8B02496C331 = {name = IphoneApp; isa = PBXNativeTarget; productType = "com.apple.product-type.application"; productReference = 9E72B5F5F10728A77129FA6E; buildConfigurationList = C9051B047ABFFF8FC4D19E43; productName = IphoneApp; buildRules = (); dependencies = (); buildPhases = (0FE339F2CD64AFCBAFE76BE8, C6FB890A2CA7A3543EB7DDAD);}; 9E72B5F5F10728A77129FA6E = {isa = PBXFileReference; explicitFileType = "wrapper.application"; includeInIndex = 0; sourceTree = BUILT_PRODUCTS_DIR; path = "IphoneApp.app";}; 5F9D96359CA8CEB0151F6157 = {isa = PBXFileReference; lastKnownFileType = "text.plist.xml"; sourceTree = "<group>"; fileEncoding = 4; path = "Info.plist";}; 15B0C3A50D648B92C49A4B06 = {isa = PBXFileReference; lastKnownFileType = "sourcecode.c.objc"; sourceTree = "<group>"; fileEncoding = 4; path = "FirstViewController.m";}; C9051B047ABFFF8FC4D19E43 = {buildConfigurations = (678E8901B735B26626F5A0AC); defaultConfigurationIsVisible = 0; isa = XCConfigurationList; defaultConfigurationName = Release;}; C6FB890A2CA7A3543EB7DDAD = {runOnlyForDeploymentPostprocesssing = 0; isa = PBXFrameworksBuildPhase; files = (9FC0FE8868AFE1940ED48EB5, FB02EBCA985AA7E9DF79F1FE, 819A8B826DD999A4BF1F76D7); buildActionMask = 2147483647;}; 06BDC57C83D418A2E6DF1163 = {isa = PBXFileReference; lastKnownFileType = "sourcecode.c.objc"; sourceTree = "<group>"; fileEncoding = 4; path = "main.m";}; B03F6641A81897CC8D234986 = {name = "Foundation.framework"; isa = PBXFileReference; lastKnownFileType = "wrapper.framework"; sourceTree = SDKROOT; path = "System/Library/Frameworks/Security.framework";}; EB6D5E0872363B7A7EA27BE7 = {name = Debug; isa = XCBuildConfiguration; buildSettings = {GCC_WARN_ABOUT_RETURN_TYPE = YES; SDKROOT = "iphoneos2.0"; PREBINDING = NO; ARCHS = "$(ARCHS_STANDARD_32_BIT)"; GCC_WARN_UNUSED_VARIABLE = YES; GCC_C_LANGUAGE_STANDARD = c99; ONLY_ACTIVE_ARCH = YES;};}; B9FF32DBC4865CE98AEC44C1 = {isa = PBXBuildFile; fileRef = 15B0C3A50D648B92C49A4B06;}; 2647E3C27EFBA887A6954966 = {isa = PBXFileReference; lastKnownFileType = file; sourceTree = "<group>"; path = "xcodeproj.yml";}; A2C101C173B0C130F4AC4B43 = {isa = PBXFileReference; lastKnownFileType = file; sourceTree = "<group>"; path = "MainWindow.xib";}; 57DE788D966A8B425A338528 = {name = "AudioToolbox.framework"; isa = PBXFileReference; lastKnownFileType = "wrapper.framework"; sourceTree = SDKROOT; path = "System/Library/Frameworks/AudioToolbox.framework";}; 678E8901B735B26626F5A0AC = {name = Debug; isa = XCBuildConfiguration; buildSettings = {ALWAYS_SEARCH_USER_PATHS = NO; GCC_PREFIX_HEADER = "IphoneApp_Prefix.pch"; GCC_OPTIMIZATION_LEVEL = 0; COPY_PHASE_STRIP = NO; GCC_PRECOMPILE_PREFIX_HEADER = YES; GCC_DYNAMIC_NO_PIC = NO; PRODUCT_NAME = IphoneApp; INFOPLIST_FILE = "Info.plist";};}; 9FC0FE8868AFE1940ED48EB5 = {isa = PBXBuildFile; fileRef = 5E60A8D68417AA094C740A93;}; E87ABA084F4A94232F30B6CD = {isa = PBXFileReference; lastKnownFileType = "sourcecode.c.objc"; sourceTree = "<group>"; fileEncoding = 4; path = "IphoneAppAppDelegate.m";}; 93526422421C5515706C7FC5 = {name = "libxml2.2.dylib"; isa = PBXFileReference; lastKnownFileType = "wrapper.dylib"; sourceTree = SDKROOT; path = "usr/lib/libxml2.2.dylib";}; C8FBCDAEACC0C1014B82FC0C = {name = "CoreLocation.framework"; isa = PBXFileReference; lastKnownFileType = "wrapper.framework"; sourceTree = SDKROOT; path = "System/Library/Frameworks/CoreLocation.framework";}; 6FE4920751FD65C34EBFB85D = {isa = PBXBuildFile; fileRef = 06BDC57C83D418A2E6DF1163;}; 7C0A42291D7E16DD2728AD68 = {isa = PBXFileReference; lastKnownFileType = file; sourceTree = "<group>"; path = "SecondView.xib";}; 62508D237ABED5CA94EE3F4B = {name = "libicucore.dylib"; isa = PBXFileReference; lastKnownFileType = "wrapper.dylib"; sourceTree = SDKROOT; path = "usr/lib/libicucore.dylib";}; 91236DE43A3624D112C5B2BE = {name = "FrameworkX.framework"; isa = PBXFileReference; lastKnownFileType = "wrapper.framework"; sourceTree = "<group>"; path = "frameworks/FrameworkX.framework";}; C3CC8F31FE942F74F0D83753 = {isa = PBXBuildFile; fileRef = E87ABA084F4A94232F30B6CD;}; 4D9A9BF2936C8877D4F2B504 = {isa = PBXFileReference; lastKnownFileType = file; sourceTree = "<group>"; path = "IphoneApp_Prefix.pch";}; 54E3E1243F5E166DE6F92039 = {name = Frameworks; isa = PBXGroup; sourceTree = "<group>"; children = (5E60A8D68417AA094C740A93, 62508D237ABED5CA94EE3F4B);}; 47C4E0EDE95940F1875C2D1C = {name = "QuartzCore.framework"; isa = PBXFileReference; lastKnownFileType = "wrapper.framework"; sourceTree = SDKROOT; path = "System/Library/Frameworks/QuartzCore.framework";}; F0E55EB1DBECD499F0AC2B62 = {name = "OpenGLES.framework"; isa = PBXFileReference; lastKnownFileType = "wrapper.framework"; sourceTree = SDKROOT; path = "System/Library/Frameworks/OpenGLES.framework";}; 3F05FF6D6FDED8C52FE8EB02 = {name = "AddressBook.framework"; isa = PBXFileReference; lastKnownFileType = "wrapper.framework"; sourceTree = SDKROOT; path = "System/Library/Frameworks/AddressBook.framework";}; 0FE339F2CD64AFCBAFE76BE8 = {runOnlyForDeploymentPostprocesssing = 0; isa = PBXSourcesBuildPhase; files = (B9FF32DBC4865CE98AEC44C1, C3CC8F31FE942F74F0D83753, 6FE4920751FD65C34EBFB85D); buildActionMask = 2147483647;}; B3606E45EA70B01439A6F596 = {isa = PBXFileReference; lastKnownFileType = "sourcecode.c.h"; sourceTree = "<group>"; fileEncoding = 4; path = "IphoneAppAppDelegate.h";}; 61A5CE7615D72421D0A4DB60 = {isa = PBXFileReference; lastKnownFileType = "sourcecode.c.h"; sourceTree = "<group>"; fileEncoding = 4; path = "FirstViewController.h";}; 68EF377959CFCB6551DF2AC1 = {name = "XCoreGraphics.framework"; isa = PBXFileReference; lastKnownFileType = "wrapper.framework"; sourceTree = SDKROOT; path = "System/Library/Frameworks/CoreGraphics.framework";}; C87252B89454F7BF6E012659 = {name = Products; isa = PBXGroup; sourceTree = "<group>"; children = (9E72B5F5F10728A77129FA6E);}; 819A8B826DD999A4BF1F76D7 = {isa = PBXBuildFile; fileRef = 68EF377959CFCB6551DF2AC1;}; FB02EBCA985AA7E9DF79F1FE = {isa = PBXBuildFile; fileRef = A1ED588BFBB467A842BF56A9;}; 5E60A8D68417AA094C740A93 = {name = "Foundation.framework"; isa = PBXFileReference; lastKnownFileType = "wrapper.framework"; sourceTree = SDKROOT; path = "System/Library/Frameworks/Foundation.framework";};};}